
Microsoft Visual Studio Solution File, Format Version 12.00
# Visual Studio Version 16
VisualStudioVersion = 16.0.29905.134
MinimumVisualStudioVersion = 10.0.40219.1
Project("{9A19103F-16F7-4668-BE54-9A1E7A4F7556}") = "adivinar el numero", "adivinar el numero\adivinar el numero.csproj", "{86CE296F-C716-40CF-BA1F-02CCCA44849F}"
EndProject
Global
	GlobalSection(SolutionConfigurationPlatforms) = preSolution
		Debug|Any CPU = Debug|Any CPU
		Release|Any CPU = Release|Any CPU
	EndGlobalSection
	GlobalSection(ProjectConfigurationPlatforms) = postSolution
		{86CE296F-C716-40CF-BA1F-02CCCA44849F}.Debug|Any CPU.ActiveCfg = Debug|Any CPU
		{86CE296F-C716-40CF-BA1F-02CCCA44849F}.Debug|Any CPU.Build.0 = Debug|Any CPU
		{86CE296F-C716-40CF-BA1F-02CCCA44849F}.Release|Any CPU.ActiveCfg = Release|Any CPU
		{86CE296F-C716-40CF-BA1F-02CCCA44849F}.Release|Any CPU.Build.0 = Release|Any CPU
	EndGlobalSection
	GlobalSection(SolutionProperties) = preSolution
		HideSolutionNode = FALSE
	EndGlobalSection
	GlobalSection(ExtensibilityGlobals) = postSolution
		SolutionGuid = {A9F375B1-1E9F-4537-9218-C8A4DFFD7998}
	EndGlobalSection
EndGlobal
